// !$*UTF8*$!
{
	archiveVersion = 1;
	classes = {
	};
	objectVersion = 77;
	objects = {

/* Begin PBXBuildFile section */
		0258CE1D2FA3A4F035FB0908 /* AnyCodable.swift in Sources */ = {isa = PBXBuildFile; fileRef = 1E8AD43F51982F5BB9354149 /* AnyCodable.swift */; };
		07753689B8C19C27A5870D6B /* Assets.xcassets in Resources */ = {isa = PBXBuildFile; fileRef = 5321AA72CBB22E3937CCC43B /* Assets.xcassets */; };
		0BE34BB265D909C13AAD4DEE /* AuthService.swift in Sources */ = {isa = PBXBuildFile; fileRef = 9D95340D807E3CE209E38673 /* AuthService.swift */; };
		0BF995EEF12120BDBDFC6C53 /* MacroLineView.swift in Sources */ = {isa = PBXBuildFile; fileRef = 0CFB7C15EB9EF64DD9D0EF81 /* MacroLineView.swift */; };
		0D2175E08B8DCC4AE20EC191 /* RecipeDetailView.swift in Sources */ = {isa = PBXBuildFile; fileRef = B2B8E824C867BC34D907CD9F /* RecipeDetailView.swift */; };
		161EBEEA1868CA9E04D2F09D /* FoodLog.swift in Sources */ = {isa = PBXBuildFile; fileRef = 7752224CC097FAA858A7CA90 /* FoodLog.swift */; };
		1B61ACADB0A038B743C75A7B /* CookbookViewModel.swift in Sources */ = {isa = PBXBuildFile; fileRef = 1AF06781AB36F70BA8DD5B75 /* CookbookViewModel.swift */; };
		28B66580D953E2FBE319EE6F /* CookbookView.swift in Sources */ = {isa = PBXBuildFile; fileRef = 2E40498F00C4D23784944802 /* CookbookView.swift */; };
		2C3B5DCB39B39BBC649A9612 /* GlassCard.swift in Sources */ = {isa = PBXBuildFile; fileRef = 9E29CCA1715278872780F085 /* GlassCard.swift */; };
		375CD9F8E56AC75C0670EF9E /* WeeklyTrendsView.swift in Sources */ = {isa = PBXBuildFile; fileRef = C5771A7297800FF1333B64DA /* WeeklyTrendsView.swift */; };
		37F1E1044A86DB1964D9019C /* LoginView.swift in Sources */ = {isa = PBXBuildFile; fileRef = E30DE08FDDE93B6475AFF70A /* LoginView.swift */; };
		43BF464ECD0714004ABFE20B /* SavoroFonts.swift in Sources */ = {isa = PBXBuildFile; fileRef = 2E2928133C3E41DCA5A73417 /* SavoroFonts.swift */; };
		446B16FDF633056C085E3513 /* PlusJakartaSans-Regular.ttf in Resources */ = {isa = PBXBuildFile; fileRef = B0060590BC9F2F185F6EF015 /* PlusJakartaSans-Regular.ttf */; };
		4BB65F377A73387D2F5A6AA9 /* Chat.swift in Sources */ = {isa = PBXBuildFile; fileRef = F0D141D16DC1C0B2C9072747 /* Chat.swift */; };
		4C0A85017AE0F9C451CA8864 /* PlusJakartaSans-Medium.ttf in Resources */ = {isa = PBXBuildFile; fileRef = 4F7AA5A5879F85F230CA9C70 /* PlusJakartaSans-Medium.ttf */; };
		569AE16470D75EE7AB36F23C /* Food.swift in Sources */ = {isa = PBXBuildFile; fileRef = 82AF87E282F4C1AEB6E08F1B /* Food.swift */; };
		56CE1E5246BFC5F618FBB63A /* AnimationPresets.swift in Sources */ = {isa = PBXBuildFile; fileRef = ABE586EF30AC68FE4A24EC31 /* AnimationPresets.swift */; };
		57346A7596F7A415E53AB61E /* BarcodeScannerTests.swift in Sources */ = {isa = PBXBuildFile; fileRef = AB6D1ED4508A399E600E7E92 /* BarcodeScannerTests.swift */; };
		5B74DC25A1B37633DB000E7B /* ChatServiceTests.swift in Sources */ = {isa = PBXBuildFile; fileRef = F9A279D9B6D296C531E3E6B5 /* ChatServiceTests.swift */; };
		60CA3C08B1342F5ADA6C1151 /* RecipeCardView.swift in Sources */ = {isa = PBXBuildFile; fileRef = BBF2E57F0CA5DD13859A52C1 /* RecipeCardView.swift */; };
		68EB68F871B48BCEF06FFBA9 /* RecipeService.swift in Sources */ = {isa = PBXBuildFile; fileRef = 79C4B7F0A51146CB3D3DB2B1 /* RecipeService.swift */; };
		699CDA2154F82AB32E2F9793 /* APIClientTests.swift in Sources */ = {isa = PBXBuildFile; fileRef = 8A2AA0A07547A963F22B4191 /* APIClientTests.swift */; };
		69DBBD618953952B14463B71 /* SavoroColors.swift in Sources */ = {isa = PBXBuildFile; fileRef = 7B6C0C222F3F8D6B2FF82019 /* SavoroColors.swift */; };
		6B5FEFB6652F43DF3A7A18E7 /* DailyNutrition.swift in Sources */ = {isa = PBXBuildFile; fileRef = 0680B860C08BC7CE544B53C6 /* DailyNutrition.swift */; };
		75AF1A47F87088BD0080264E /* GoalService.swift in Sources */ = {isa = PBXBuildFile; fileRef = 5F9DB41A2D36129C536A9757 /* GoalService.swift */; };
		77ED1BEFA34AC61EBF55C886 /* ProfileViewModel.swift in Sources */ = {isa = PBXBuildFile; fileRef = 3BC108543AFA9612CE0E02E2 /* ProfileViewModel.swift */; };
		79D702D09D1F373A7E8CBD58 /* PlusJakartaSans-Bold.ttf in Resources */ = {isa = PBXBuildFile; fileRef = 0D2A8848DF4E94CA3D580E53 /* PlusJakartaSans-Bold.ttf */; };
		7CF41F9ABE0EBB61A6D5F2A2 /* TodayView.swift in Sources */ = {isa = PBXBuildFile; fileRef = 09ADB316D0F3A1B4B26F35AE /* TodayView.swift */; };
		7D5E773EB15C7686D124F6FE /* CookbookTests.swift in Sources */ = {isa = PBXBuildFile; fileRef = FF1335A3F9B23BE07A13492A /* CookbookTests.swift */; };
		822DD159689E8CB314581F6D /* User.swift in Sources */ = {isa = PBXBuildFile; fileRef = D76B1EFE094E25506A946362 /* User.swift */; };
		86B62E4E968CDB1EC09C062A /* KeychainHelper.swift in Sources */ = {isa = PBXBuildFile; fileRef = 6B003B37C6CEF2ADCE739FDD /* KeychainHelper.swift */; };
		8D1B971477679AACFEAD4444 /* GoalEditorView.swift in Sources */ = {isa = PBXBuildFile; fileRef = 6F2319ED9F9161401E9F8E9B /* GoalEditorView.swift */; };
		95D7B9E8D1160A246210097F /* LogService.swift in Sources */ = {isa = PBXBuildFile; fileRef = 3EE6FD5456A8DF053D0DAE96 /* LogService.swift */; };
		98CB877742A28C743DF56F07 /* ContentView.swift in Sources */ = {isa = PBXBuildFile; fileRef = 3048FBF816B5C27CADBE93BD /* ContentView.swift */; };
		9C725B798F92F44BDEC0AA4B /* TodayViewModel.swift in Sources */ = {isa = PBXBuildFile; fileRef = 9841B8646A5DC68A89960F91 /* TodayViewModel.swift */; };
		9DC887290B955EA2926C1C28 /* ViewfinderOverlay.swift in Sources */ = {isa = PBXBuildFile; fileRef = AF3217F43036A24323E11AFE /* ViewfinderOverlay.swift */; };
		A52A8CD6B569DAEAD5C66F12 /* ProfileView.swift in Sources */ = {isa = PBXBuildFile; fileRef = 9581DF0B7ADEA525E4255867 /* ProfileView.swift */; };
		A5CC110D3560BCDD19104432 /* ConsistencyGridView.swift in Sources */ = {isa = PBXBuildFile; fileRef = D99BFBE5557C870B3336A1B3 /* ConsistencyGridView.swift */; };
		A6757C6F6D46ADBB27745096 /* MealTimelineView.swift in Sources */ = {isa = PBXBuildFile; fileRef = 7A513761ECA219C427ADD4B3 /* MealTimelineView.swift */; };
		A68C8092120BCBF0D651CAD9 /* Color+Hex.swift in Sources */ = {isa = PBXBuildFile; fileRef = CD3DF88E3A238D4CAA3CB705 /* Color+Hex.swift */; };
		AB0E6536238713882D610A71 /* BarcodeScannerView.swift in Sources */ = {isa = PBXBuildFile; fileRef = 0F55A32F3CC876F3AC422340 /* BarcodeScannerView.swift */; };
		AB0FD4C35B14F7B98242D96E /* Recipe.swift in Sources */ = {isa = PBXBuildFile; fileRef = E95E9606ED2942B88CD82F66 /* Recipe.swift */; };
		AED5EC275CE6199456923ECB /* ChatService.swift in Sources */ = {isa = PBXBuildFile; fileRef = 9E8E85882AAF9C74BFA7951C /* ChatService.swift */; };
		B0608C7FA06BA4EF42305F30 /* APIClient.swift in Sources */ = {isa = PBXBuildFile; fileRef = 828A043A4EA2AD88F3311D0C /* APIClient.swift */; };
		B833F066DB6FBB1310092562 /* SSEParser.swift in Sources */ = {isa = PBXBuildFile; fileRef = EC97359280DA0043E89B19E4 /* SSEParser.swift */; };
		B9ECB0379151DF64B1E618C0 /* SavoroApp.swift in Sources */ = {isa = PBXBuildFile; fileRef = A2C3E0DD4332A52A753C9774 /* SavoroApp.swift */; };
		CBE5A4171570846433747683 /* RecipeEditorView.swift in Sources */ = {isa = PBXBuildFile; fileRef = E8C69BCF5F13CE3D07FAD536 /* RecipeEditorView.swift */; };
		CE4618DE6D13F29E8F79D6E7 /* PlusJakartaSans-ExtraBold.ttf in Resources */ = {isa = PBXBuildFile; fileRef = E2FBCF0490BEB23DBB165ED4 /* PlusJakartaSans-ExtraBold.ttf */; };
		D2B609308E5BB229BC0FD9A5 /* DailyCardView.swift in Sources */ = {isa = PBXBuildFile; fileRef = 62587688D7E283A82AA47FD8 /* DailyCardView.swift */; };
		DB4DA74A27397038960B3EED /* HapticManager.swift in Sources */ = {isa = PBXBuildFile; fileRef = 41ADC4AFBACD0A1397509D55 /* HapticManager.swift */; };
		DD0686BADD2F797B0DE3EECC /* PlusJakartaSans-SemiBold.ttf in Resources */ = {isa = PBXBuildFile; fileRef = F5332D428A8923271CB1E920 /* PlusJakartaSans-SemiBold.ttf */; };
		EA381777F08A3DC27D9D851E /* RegisterView.swift in Sources */ = {isa = PBXBuildFile; fileRef = 62584FAC8F4D7FBEACE3338D /* RegisterView.swift */; };
		EE6C4801D113786B3364842A /* APIError.swift in Sources */ = {isa = PBXBuildFile; fileRef = 68E478DA547EC09CFC5A5A34 /* APIError.swift */; };
		F22A3F8F6D1D2983F1C1433D /* Constants.swift in Sources */ = {isa = PBXBuildFile; fileRef = 0DD868B5504C2F88CB53E866 /* Constants.swift */; };
		F39BE13167058460106E7851 /* AuthViewModel.swift in Sources */ = {isa = PBXBuildFile; fileRef = 53D147F670C28D5CC1EAA197 /* AuthViewModel.swift */; };
		F8C68FBC0F134CDF25110D3E /* AuthTests.swift in Sources */ = {isa = PBXBuildFile; fileRef = E4CC6B78E5FD5551D5373B1A /* AuthTests.swift */; };
		FC8E4CB743BBBBB7414DDF6D /* TodayScreenTests.swift in Sources */ = {isa = PBXBuildFile; fileRef = DA99A12E69D931E59CC38630 /* TodayScreenTests.swift */; };
		A1B2C3D4E5F6A1B2C3D4E5F6 /* ProfileTests.swift in Sources */ = {isa = PBXBuildFile; fileRef = B1C2D3E4F5A6B1C2D3E4F5A6 /* ProfileTests.swift */; };
/* End PBXBuildFile section */

/* Begin PBXContainerItemProxy section */
		6BEB0D365FD46BCA5464E6E6 /* PBXContainerItemProxy */ = {
			isa = PBXContainerItemProxy;
			containerPortal = 8287BB108503BD1071BD3E27 /* Project object */;
			proxyType = 1;
			remoteGlobalIDString = EB7D07FF1FA0F3A12122DDCC;
			remoteInfo = Savoro;
		};
/* End PBXContainerItemProxy section */

/* Begin PBXFileReference section */
		0680B860C08BC7CE544B53C6 /* DailyNutrition.swift */ = {isa = PBXFileReference; lastKnownFileType = sourcecode.swift; path = DailyNutrition.swift; sourceTree = "<group>"; };
		09ADB316D0F3A1B4B26F35AE /* TodayView.swift */ = {isa = PBXFileReference; lastKnownFileType = sourcecode.swift; path = TodayView.swift; sourceTree = "<group>"; };
		0CFB7C15EB9EF64DD9D0EF81 /* MacroLineView.swift */ = {isa = PBXFileReference; lastKnownFileType = sourcecode.swift; path = MacroLineView.swift; sourceTree = "<group>"; };
		0D2A8848DF4E94CA3D580E53 /* PlusJakartaSans-Bold.ttf */ = {isa = PBXFileReference; lastKnownFileType = file; path = "PlusJakartaSans-Bold.ttf"; sourceTree = "<group>"; };
		0DD868B5504C2F88CB53E866 /* Constants.swift */ = {isa = PBXFileReference; lastKnownFileType = sourcecode.swift; path = Constants.swift; sourceTree = "<group>"; };
		0F55A32F3CC876F3AC422340 /* BarcodeScannerView.swift */ = {isa = PBXFileReference; lastKnownFileType = sourcecode.swift; path = BarcodeScannerView.swift; sourceTree = "<group>"; };
		1AF06781AB36F70BA8DD5B75 /* CookbookViewModel.swift */ = {isa = PBXFileReference; lastKnownFileType = sourcecode.swift; path = CookbookViewModel.swift; sourceTree = "<group>"; };
		1E8AD43F51982F5BB9354149 /* AnyCodable.swift */ = {isa = PBXFileReference; lastKnownFileType = sourcecode.swift; path = AnyCodable.swift; sourceTree = "<group>"; };
		2E2928133C3E41DCA5A73417 /* SavoroFonts.swift */ = {isa = PBXFileReference; lastKnownFileType = sourcecode.swift; path = SavoroFonts.swift; sourceTree = "<group>"; };
		2E40498F00C4D23784944802 /* CookbookView.swift */ = {isa = PBXFileReference; lastKnownFileType = sourcecode.swift; path = CookbookView.swift; sourceTree = "<group>"; };
		2EEA7CAE46BE1D534D5F5657 /* Savoro.app */ = {isa = PBXFileReference; includeInIndex = 0; lastKnownFileType = wrapper.application; path = Savoro.app; sourceTree = BUILT_PRODUCTS_DIR; };
		3048FBF816B5C27CADBE93BD /* ContentView.swift */ = {isa = PBXFileReference; lastKnownFileType = sourcecode.swift; path = ContentView.swift; sourceTree = "<group>"; };
		3BC108543AFA9612CE0E02E2 /* ProfileViewModel.swift */ = {isa = PBXFileReference; lastKnownFileType = sourcecode.swift; path = ProfileViewModel.swift; sourceTree = "<group>"; };
		3EE6FD5456A8DF053D0DAE96 /* LogService.swift */ = {isa = PBXFileReference; lastKnownFileType = sourcecode.swift; path = LogService.swift; sourceTree = "<group>"; };
		41ADC4AFBACD0A1397509D55 /* HapticManager.swift */ = {isa = PBXFileReference; lastKnownFileType = sourcecode.swift; path = HapticManager.swift; sourceTree = "<group>"; };
		4F7AA5A5879F85F230CA9C70 /* PlusJakartaSans-Medium.ttf */ = {isa = PBXFileReference; lastKnownFileType = file; path = "PlusJakartaSans-Medium.ttf"; sourceTree = "<group>"; };
		511DE6F5BE727A2B4024B18D /* SavoroTests.xctest */ = {isa = PBXFileReference; includeInIndex = 0; lastKnownFileType = wrapper.cfbundle; path = SavoroTests.xctest; sourceTree = BUILT_PRODUCTS_DIR; };
		5321AA72CBB22E3937CCC43B /* Assets.xcassets */ = {isa = PBXFileReference; lastKnownFileType = folder.assetcatalog; path = Assets.xcassets; sourceTree = "<group>"; };
		53D147F670C28D5CC1EAA197 /* AuthViewModel.swift */ = {isa = PBXFileReference; lastKnownFileType = sourcecode.swift; path = AuthViewModel.swift; sourceTree = "<group>"; };
		5F9DB41A2D36129C536A9757 /* GoalService.swift */ = {isa = PBXFileReference; lastKnownFileType = sourcecode.swift; path = GoalService.swift; sourceTree = "<group>"; };
		62584FAC8F4D7FBEACE3338D /* RegisterView.swift */ = {isa = PBXFileReference; lastKnownFileType = sourcecode.swift; path = RegisterView.swift; sourceTree = "<group>"; };
		62587688D7E283A82AA47FD8 /* DailyCardView.swift */ = {isa = PBXFileReference; lastKnownFileType = sourcecode.swift; path = DailyCardView.swift; sourceTree = "<group>"; };
		68E478DA547EC09CFC5A5A34 /* APIError.swift */ = {isa = PBXFileReference; lastKnownFileType = sourcecode.swift; path = APIError.swift; sourceTree = "<group>"; };
		6B003B37C6CEF2ADCE739FDD /* KeychainHelper.swift */ = {isa = PBXFileReference; lastKnownFileType = sourcecode.swift; path = KeychainHelper.swift; sourceTree = "<group>"; };
		6F2319ED9F9161401E9F8E9B /* GoalEditorView.swift */ = {isa = PBXFileReference; lastKnownFileType = sourcecode.swift; path = GoalEditorView.swift; sourceTree = "<group>"; };
		7752224CC097FAA858A7CA90 /* FoodLog.swift */ = {isa = PBXFileReference; lastKnownFileType = sourcecode.swift; path = FoodLog.swift; sourceTree = "<group>"; };
		79C4B7F0A51146CB3D3DB2B1 /* RecipeService.swift */ = {isa = PBXFileReference; lastKnownFileType = sourcecode.swift; path = RecipeService.swift; sourceTree = "<group>"; };
		7A513761ECA219C427ADD4B3 /* MealTimelineView.swift */ = {isa = PBXFileReference; lastKnownFileType = sourcecode.swift; path = MealTimelineView.swift; sourceTree = "<group>"; };
		7B6C0C222F3F8D6B2FF82019 /* SavoroColors.swift */ = {isa = PBXFileReference; lastKnownFileType = sourcecode.swift; path = SavoroColors.swift; sourceTree = "<group>"; };
		828A043A4EA2AD88F3311D0C /* APIClient.swift */ = {isa = PBXFileReference; lastKnownFileType = sourcecode.swift; path = APIClient.swift; sourceTree = "<group>"; };
		82AF87E282F4C1AEB6E08F1B /* Food.swift */ = {isa = PBXFileReference; lastKnownFileType = sourcecode.swift; path = Food.swift; sourceTree = "<group>"; };
		8A2AA0A07547A963F22B4191 /* APIClientTests.swift */ = {isa = PBXFileReference; lastKnownFileType = sourcecode.swift; path = APIClientTests.swift; sourceTree = "<group>"; };
		9581DF0B7ADEA525E4255867 /* ProfileView.swift */ = {isa = PBXFileReference; lastKnownFileType = sourcecode.swift; path = ProfileView.swift; sourceTree = "<group>"; };
		9841B8646A5DC68A89960F91 /* TodayViewModel.swift */ = {isa = PBXFileReference; lastKnownFileType = sourcecode.swift; path = TodayViewModel.swift; sourceTree = "<group>"; };
		9D95340D807E3CE209E38673 /* AuthService.swift */ = {isa = PBXFileReference; lastKnownFileType = sourcecode.swift; path = AuthService.swift; sourceTree = "<group>"; };
		9E29CCA1715278872780F085 /* GlassCard.swift */ = {isa = PBXFileReference; lastKnownFileType = sourcecode.swift; path = GlassCard.swift; sourceTree = "<group>"; };
		9E8E85882AAF9C74BFA7951C /* ChatService.swift */ = {isa = PBXFileReference; lastKnownFileType = sourcecode.swift; path = ChatService.swift; sourceTree = "<group>"; };
		A2C3E0DD4332A52A753C9774 /* SavoroApp.swift */ = {isa = PBXFileReference; lastKnownFileType = sourcecode.swift; path = SavoroApp.swift; sourceTree = "<group>"; };
		AB6D1ED4508A399E600E7E92 /* BarcodeScannerTests.swift */ = {isa = PBXFileReference; lastKnownFileType = sourcecode.swift; path = BarcodeScannerTests.swift; sourceTree = "<group>"; };
		ABE586EF30AC68FE4A24EC31 /* AnimationPresets.swift */ = {isa = PBXFileReference; lastKnownFileType = sourcecode.swift; path = AnimationPresets.swift; sourceTree = "<group>"; };
		AF3217F43036A24323E11AFE /* ViewfinderOverlay.swift */ = {isa = PBXFileReference; lastKnownFileType = sourcecode.swift; path = ViewfinderOverlay.swift; sourceTree = "<group>"; };
		B0060590BC9F2F185F6EF015 /* PlusJakartaSans-Regular.ttf */ = {isa = PBXFileReference; lastKnownFileType = file; path = "PlusJakartaSans-Regular.ttf"; sourceTree = "<group>"; };
		B2B8E824C867BC34D907CD9F /* RecipeDetailView.swift */ = {isa = PBXFileReference; lastKnownFileType = sourcecode.swift; path = RecipeDetailView.swift; sourceTree = "<group>"; };
		BBF2E57F0CA5DD13859A52C1 /* RecipeCardView.swift */ = {isa = PBXFileReference; lastKnownFileType = sourcecode.swift; path = RecipeCardView.swift; sourceTree = "<group>"; };
		C5771A7297800FF1333B64DA /* WeeklyTrendsView.swift */ = {isa = PBXFileReference; lastKnownFileType = sourcecode.swift; path = WeeklyTrendsView.swift; sourceTree = "<group>"; };
		CD3DF88E3A238D4CAA3CB705 /* Color+Hex.swift */ = {isa = PBXFileReference; lastKnownFileType = sourcecode.swift; path = "Color+Hex.swift"; sourceTree = "<group>"; };
		D76B1EFE094E25506A946362 /* User.swift */ = {isa = PBXFileReference; lastKnownFileType = sourcecode.swift; path = User.swift; sourceTree = "<group>"; };
		D99BFBE5557C870B3336A1B3 /* ConsistencyGridView.swift */ = {isa = PBXFileReference; lastKnownFileType = sourcecode.swift; path = ConsistencyGridView.swift; sourceTree = "<group>"; };
		DA99A12E69D931E59CC38630 /* TodayScreenTests.swift */ = {isa = PBXFileReference; lastKnownFileType = sourcecode.swift; path = TodayScreenTests.swift; sourceTree = "<group>"; };
		B1C2D3E4F5A6B1C2D3E4F5A6 /* ProfileTests.swift */ = {isa = PBXFileReference; lastKnownFileType = sourcecode.swift; path = ProfileTests.swift; sourceTree = "<group>"; };
		E2FBCF0490BEB23DBB165ED4 /* PlusJakartaSans-ExtraBold.ttf */ = {isa = PBXFileReference; lastKnownFileType = file; path = "PlusJakartaSans-ExtraBold.ttf"; sourceTree = "<group>"; };
		E30DE08FDDE93B6475AFF70A /* LoginView.swift */ = {isa = PBXFileReference; lastKnownFileType = sourcecode.swift; path = LoginView.swift; sourceTree = "<group>"; };
		E4CC6B78E5FD5551D5373B1A /* AuthTests.swift */ = {isa = PBXFileReference; lastKnownFileType = sourcecode.swift; path = AuthTests.swift; sourceTree = "<group>"; };
		E8C69BCF5F13CE3D07FAD536 /* RecipeEditorView.swift */ = {isa = PBXFileReference; lastKnownFileType = sourcecode.swift; path = RecipeEditorView.swift; sourceTree = "<group>"; };
		E95E9606ED2942B88CD82F66 /* Recipe.swift */ = {isa = PBXFileReference; lastKnownFileType = sourcecode.swift; path = Recipe.swift; sourceTree = "<group>"; };
		EC97359280DA0043E89B19E4 /* SSEParser.swift */ = {isa = PBXFileReference; lastKnownFileType = sourcecode.swift; path = SSEParser.swift; sourceTree = "<group>"; };
		F0D141D16DC1C0B2C9072747 /* Chat.swift */ = {isa = PBXFileReference; lastKnownFileType = sourcecode.swift; path = Chat.swift; sourceTree = "<group>"; };
		F5332D428A8923271CB1E920 /* PlusJakartaSans-SemiBold.ttf */ = {isa = PBXFileReference; lastKnownFileType = file; path = "PlusJakartaSans-SemiBold.ttf"; sourceTree = "<group>"; };
		F9A279D9B6D296C531E3E6B5 /* ChatServiceTests.swift */ = {isa = PBXFileReference; lastKnownFileType = sourcecode.swift; path = ChatServiceTests.swift; sourceTree = "<group>"; };
		FF1335A3F9B23BE07A13492A /* CookbookTests.swift */ = {isa = PBXFileReference; lastKnownFileType = sourcecode.swift; path = CookbookTests.swift; sourceTree = "<group>"; };
/* End PBXFileReference section */

/* Begin PBXGroup section */
		0C6AED1ACD42546CE220FE14 /* Services */ = {
			isa = PBXGroup;
			children = (
				828A043A4EA2AD88F3311D0C /* APIClient.swift */,
				68E478DA547EC09CFC5A5A34 /* APIError.swift */,
				9D95340D807E3CE209E38673 /* AuthService.swift */,
				9E8E85882AAF9C74BFA7951C /* ChatService.swift */,
				5F9DB41A2D36129C536A9757 /* GoalService.swift */,
				6B003B37C6CEF2ADCE739FDD /* KeychainHelper.swift */,
				3EE6FD5456A8DF053D0DAE96 /* LogService.swift */,
				79C4B7F0A51146CB3D3DB2B1 /* RecipeService.swift */,
				EC97359280DA0043E89B19E4 /* SSEParser.swift */,
			);
			path = Services;
			sourceTree = "<group>";
		};
		39628B649357518B095D1915 /* Products */ = {
			isa = PBXGroup;
			children = (
				2EEA7CAE46BE1D534D5F5657 /* Savoro.app */,
				511DE6F5BE727A2B4024B18D /* SavoroTests.xctest */,
			);
			name = Products;
			sourceTree = "<group>";
		};
		411E05E0B9D5729EFFCDDA96 /* Auth */ = {
			isa = PBXGroup;
			children = (
				E30DE08FDDE93B6475AFF70A /* LoginView.swift */,
				62584FAC8F4D7FBEACE3338D /* RegisterView.swift */,
			);
			path = Auth;
			sourceTree = "<group>";
		};
		4FFE232DF2B1D8F9850EB4E6 /* Scanner */ = {
			isa = PBXGroup;
			children = (
				0F55A32F3CC876F3AC422340 /* BarcodeScannerView.swift */,
				AF3217F43036A24323E11AFE /* ViewfinderOverlay.swift */,
			);
			path = Scanner;
			sourceTree = "<group>";
		};
		5224781163C21952163432F4 /* Savoro */ = {
			isa = PBXGroup;
			children = (
				5321AA72CBB22E3937CCC43B /* Assets.xcassets */,
			);
			path = Savoro;
			sourceTree = "<group>";
		};
		54EC5F0D9F181AC868B509EB /* Profile */ = {
			isa = PBXGroup;
			children = (
				D99BFBE5557C870B3336A1B3 /* ConsistencyGridView.swift */,
				6F2319ED9F9161401E9F8E9B /* GoalEditorView.swift */,
				9581DF0B7ADEA525E4255867 /* ProfileView.swift */,
				C5771A7297800FF1333B64DA /* WeeklyTrendsView.swift */,
			);
			path = Profile;
			sourceTree = "<group>";
		};
		571F1A479333E7F61BC740E2 /* Fonts */ = {
			isa = PBXGroup;
			children = (
				0D2A8848DF4E94CA3D580E53 /* PlusJakartaSans-Bold.ttf */,
				E2FBCF0490BEB23DBB165ED4 /* PlusJakartaSans-ExtraBold.ttf */,
				4F7AA5A5879F85F230CA9C70 /* PlusJakartaSans-Medium.ttf */,
				B0060590BC9F2F185F6EF015 /* PlusJakartaSans-Regular.ttf */,
				F5332D428A8923271CB1E920 /* PlusJakartaSans-SemiBold.ttf */,
			);
			path = Fonts;
			sourceTree = "<group>";
		};
		6FF49BF7221DE3C893C24E89 /* Views */ = {
			isa = PBXGroup;
			children = (
				411E05E0B9D5729EFFCDDA96 /* Auth */,
				7D449BCEE0DAFB23A5AA1FEA /* Components */,
				D638CD3CD39674AB7360B3C7 /* Cookbook */,
				54EC5F0D9F181AC868B509EB /* Profile */,
				4FFE232DF2B1D8F9850EB4E6 /* Scanner */,
				BF680BCBC97C624C2F3708DF /* Today */,
			);
			path = Views;
			sourceTree = "<group>";
		};
		7D449BCEE0DAFB23A5AA1FEA /* Components */ = {
			isa = PBXGroup;
			children = (
				9E29CCA1715278872780F085 /* GlassCard.swift */,
				0CFB7C15EB9EF64DD9D0EF81 /* MacroLineView.swift */,
			);
			path = Components;
			sourceTree = "<group>";
		};
		8802CDF8F4B38D6F6C541A2D /* ViewModels */ = {
			isa = PBXGroup;
			children = (
				53D147F670C28D5CC1EAA197 /* AuthViewModel.swift */,
				1AF06781AB36F70BA8DD5B75 /* CookbookViewModel.swift */,
				3BC108543AFA9612CE0E02E2 /* ProfileViewModel.swift */,
				9841B8646A5DC68A89960F91 /* TodayViewModel.swift */,
			);
			path = ViewModels;
			sourceTree = "<group>";
		};
		98C2C94009CFECD5DBCBD920 /* Sources */ = {
			isa = PBXGroup;
			children = (
				3048FBF816B5C27CADBE93BD /* ContentView.swift */,
				A2C3E0DD4332A52A753C9774 /* SavoroApp.swift */,
				E0F142CDBF725906F69E1B8C /* DesignSystem */,
				BD0FE3DBB342A42369AB2E60 /* Models */,
				0C6AED1ACD42546CE220FE14 /* Services */,
				E9DA2E937B8B91ECE1F0EEDC /* Utilities */,
				8802CDF8F4B38D6F6C541A2D /* ViewModels */,
				6FF49BF7221DE3C893C24E89 /* Views */,
			);
			name = Sources;
			path = Savoro/Sources;
			sourceTree = "<group>";
		};
		B2ABB1C9507DE704DAB8FF6B /* Tests */ = {
			isa = PBXGroup;
			children = (
				8A2AA0A07547A963F22B4191 /* APIClientTests.swift */,
				E4CC6B78E5FD5551D5373B1A /* AuthTests.swift */,
				AB6D1ED4508A399E600E7E92 /* BarcodeScannerTests.swift */,
				F9A279D9B6D296C531E3E6B5 /* ChatServiceTests.swift */,
				FF1335A3F9B23BE07A13492A /* CookbookTests.swift */,
				DA99A12E69D931E59CC38630 /* TodayScreenTests.swift */,
				B1C2D3E4F5A6B1C2D3E4F5A6 /* ProfileTests.swift */,
			);
			name = Tests;
			path = Savoro/Tests;
			sourceTree = "<group>";
		};
		BD0FE3DBB342A42369AB2E60 /* Models */ = {
			isa = PBXGroup;
			children = (
				F0D141D16DC1C0B2C9072747 /* Chat.swift */,
				0680B860C08BC7CE544B53C6 /* DailyNutrition.swift */,
				82AF87E282F4C1AEB6E08F1B /* Food.swift */,
				7752224CC097FAA858A7CA90 /* FoodLog.swift */,
				E95E9606ED2942B88CD82F66 /* Recipe.swift */,
				D76B1EFE094E25506A946362 /* User.swift */,
				D826C1E1099B728CF0D97524 /* Support */,
			);
			path = Models;
			sourceTree = "<group>";
		};
		BF680BCBC97C624C2F3708DF /* Today */ = {
			isa = PBXGroup;
			children = (
				62587688D7E283A82AA47FD8 /* DailyCardView.swift */,
				7A513761ECA219C427ADD4B3 /* MealTimelineView.swift */,
				09ADB316D0F3A1B4B26F35AE /* TodayView.swift */,
			);
			path = Today;
			sourceTree = "<group>";
		};
		CE460240E78B4399AC82B379 = {
			isa = PBXGroup;
			children = (
				F462C4B448433ABC6D733861 /* Resources */,
				5224781163C21952163432F4 /* Savoro */,
				98C2C94009CFECD5DBCBD920 /* Sources */,
				B2ABB1C9507DE704DAB8FF6B /* Tests */,
				39628B649357518B095D1915 /* Products */,
			);
			sourceTree = "<group>";
		};
		D638CD3CD39674AB7360B3C7 /* Cookbook */ = {
			isa = PBXGroup;
			children = (
				2E40498F00C4D23784944802 /* CookbookView.swift */,
				BBF2E57F0CA5DD13859A52C1 /* RecipeCardView.swift */,
				B2B8E824C867BC34D907CD9F /* RecipeDetailView.swift */,
				E8C69BCF5F13CE3D07FAD536 /* RecipeEditorView.swift */,
			);
			path = Cookbook;
			sourceTree = "<group>";
		};
		D826C1E1099B728CF0D97524 /* Support */ = {
			isa = PBXGroup;
			children = (
				1E8AD43F51982F5BB9354149 /* AnyCodable.swift */,
			);
			path = Support;
			sourceTree = "<group>";
		};
		E0F142CDBF725906F69E1B8C /* DesignSystem */ = {
			isa = PBXGroup;
			children = (
				ABE586EF30AC68FE4A24EC31 /* AnimationPresets.swift */,
				7B6C0C222F3F8D6B2FF82019 /* SavoroColors.swift */,
				2E2928133C3E41DCA5A73417 /* SavoroFonts.swift */,
			);
			path = DesignSystem;
			sourceTree = "<group>";
		};
		E9DA2E937B8B91ECE1F0EEDC /* Utilities */ = {
			isa = PBXGroup;
			children = (
				CD3DF88E3A238D4CAA3CB705 /* Color+Hex.swift */,
				0DD868B5504C2F88CB53E866 /* Constants.swift */,
				41ADC4AFBACD0A1397509D55 /* HapticManager.swift */,
			);
			path = Utilities;
			sourceTree = "<group>";
		};
		F462C4B448433ABC6D733861 /* Resources */ = {
			isa = PBXGroup;
			children = (
				571F1A479333E7F61BC740E2 /* Fonts */,
			);
			name = Resources;
			path = Savoro/Resources;
			sourceTree = "<group>";
		};
/* End PBXGroup section */

/* Begin PBXNativeTarget section */
		899FB92F5CABD9D458FA99F5 /* SavoroTests */ = {
			isa = PBXNativeTarget;
			buildConfigurationList = 5AF51DD3374160027704DADA /* Build configuration list for PBXNativeTarget "SavoroTests" */;
			buildPhases = (
				DD5D4D7F37D222CBBB71363C /* Sources */,
			);
			buildRules = (
			);
			dependencies = (
				55164E5756527BB783090D97 /* PBXTargetDependency */,
			);
			name = SavoroTests;
			packageProductDependencies = (
			);
			productName = SavoroTests;
			productReference = 511DE6F5BE727A2B4024B18D /* SavoroTests.xctest */;
			productType = "com.apple.product-type.bundle.unit-test";
		};
		EB7D07FF1FA0F3A12122DDCC /* Savoro */ = {
			isa = PBXNativeTarget;
			buildConfigurationList = 9F4BE5D7B83AEE939A1FACB9 /* Build configuration list for PBXNativeTarget "Savoro" */;
			buildPhases = (
				FC96A4FAF67B699495002482 /* Sources */,
				A63A009E424C691CF8AE1963 /* Resources */,
			);
			buildRules = (
			);
			dependencies = (
			);
			name = Savoro;
			packageProductDependencies = (
			);
			productName = Savoro;
			productReference = 2EEA7CAE46BE1D534D5F5657 /* Savoro.app */;
			productType = "com.apple.product-type.application";
		};
/* End PBXNativeTarget section */

/* Begin PBXProject section */
		8287BB108503BD1071BD3E27 /* Project object */ = {
			isa = PBXProject;
			attributes = {
				BuildIndependentTargetsInParallel = YES;
				LastUpgradeCheck = 1500;
				TargetAttributes = {
					899FB92F5CABD9D458FA99F5 = {
						ProvisioningStyle = Automatic;
					};
					EB7D07FF1FA0F3A12122DDCC = {
						ProvisioningStyle = Automatic;
					};
				};
			};
			buildConfigurationList = 345BC4CA76163D9CEB61655E /* Build configuration list for PBXProject "Savoro" */;
			developmentRegion = en;
			hasScannedForEncodings = 0;
			knownRegions = (
				Base,
				en,
			);
			mainGroup = CE460240E78B4399AC82B379;
			minimizedProjectReferenceProxies = 1;
			preferredProjectObjectVersion = 77;
			productRefGroup = 39628B649357518B095D1915 /* Products */;
			projectDirPath = "";
			projectRoot = "";
			targets = (
				EB7D07FF1FA0F3A12122DDCC /* Savoro */,
				899FB92F5CABD9D458FA99F5 /* SavoroTests */,
			);
		};
/* End PBXProject section */

/* Begin PBXResourcesBuildPhase section */
		A63A009E424C691CF8AE1963 /* Resources */ = {
			isa = PBXResourcesBuildPhase;
			buildActionMask = 2147483647;
			files = (
				07753689B8C19C27A5870D6B /* Assets.xcassets in Resources */,
				79D702D09D1F373A7E8CBD58 /* PlusJakartaSans-Bold.ttf in Resources */,
				CE4618DE6D13F29E8F79D6E7 /* PlusJakartaSans-ExtraBold.ttf in Resources */,
				4C0A85017AE0F9C451CA8864 /* PlusJakartaSans-Medium.ttf in Resources */,
				446B16FDF633056C085E3513 /* PlusJakartaSans-Regular.ttf in Resources */,
				DD0686BADD2F797B0DE3EECC /* PlusJakartaSans-SemiBold.ttf in Resources */,
			);
			runOnlyForDeploymentPostprocessing = 0;
		};
/* End PBXResourcesBuildPhase section */

/* Begin PBXSourcesBuildPhase section */
		DD5D4D7F37D222CBBB71363C /* Sources */ = {
			isa = PBXSourcesBuildPhase;
			buildActionMask = 2147483647;
			files = (
				699CDA2154F82AB32E2F9793 /* APIClientTests.swift in Sources */,
				F8C68FBC0F134CDF25110D3E /* AuthTests.swift in Sources */,
				57346A7596F7A415E53AB61E /* BarcodeScannerTests.swift in Sources */,
				5B74DC25A1B37633DB000E7B /* ChatServiceTests.swift in Sources */,
				7D5E773EB15C7686D124F6FE /* CookbookTests.swift in Sources */,
				FC8E4CB743BBBBB7414DDF6D /* TodayScreenTests.swift in Sources */,
				A1B2C3D4E5F6A1B2C3D4E5F6 /* ProfileTests.swift in Sources */,
			);
			runOnlyForDeploymentPostprocessing = 0;
		};
		FC96A4FAF67B699495002482 /* Sources */ = {
			isa = PBXSourcesBuildPhase;
			buildActionMask = 2147483647;
			files = (
				B0608C7FA06BA4EF42305F30 /* APIClient.swift in Sources */,
				EE6C4801D113786B3364842A /* APIError.swift in Sources */,
				56CE1E5246BFC5F618FBB63A /* AnimationPresets.swift in Sources */,
				0258CE1D2FA3A4F035FB0908 /* AnyCodable.swift in Sources */,
				0BE34BB265D909C13AAD4DEE /* AuthService.swift in Sources */,
				F39BE13167058460106E7851 /* AuthViewModel.swift in Sources */,
				AB0E6536238713882D610A71 /* BarcodeScannerView.swift in Sources */,
				4BB65F377A73387D2F5A6AA9 /* Chat.swift in Sources */,
				AED5EC275CE6199456923ECB /* ChatService.swift in Sources */,
				A68C8092120BCBF0D651CAD9 /* Color+Hex.swift in Sources */,
				A5CC110D3560BCDD19104432 /* ConsistencyGridView.swift in Sources */,
				F22A3F8F6D1D2983F1C1433D /* Constants.swift in Sources */,
				98CB877742A28C743DF56F07 /* ContentView.swift in Sources */,
				28B66580D953E2FBE319EE6F /* CookbookView.swift in Sources */,
				1B61ACADB0A038B743C75A7B /* CookbookViewModel.swift in Sources */,
				D2B609308E5BB229BC0FD9A5 /* DailyCardView.swift in Sources */,
				6B5FEFB6652F43DF3A7A18E7 /* DailyNutrition.swift in Sources */,
				569AE16470D75EE7AB36F23C /* Food.swift in Sources */,
				161EBEEA1868CA9E04D2F09D /* FoodLog.swift in Sources */,
				2C3B5DCB39B39BBC649A9612 /* GlassCard.swift in Sources */,
				8D1B971477679AACFEAD4444 /* GoalEditorView.swift in Sources */,
				75AF1A47F87088BD0080264E /* GoalService.swift in Sources */,
				DB4DA74A27397038960B3EED /* HapticManager.swift in Sources */,
				86B62E4E968CDB1EC09C062A /* KeychainHelper.swift in Sources */,
				95D7B9E8D1160A246210097F /* LogService.swift in Sources */,
				37F1E1044A86DB1964D9019C /* LoginView.swift in Sources */,
				0BF995EEF12120BDBDFC6C53 /* MacroLineView.swift in Sources */,
				A6757C6F6D46ADBB27745096 /* MealTimelineView.swift in Sources */,
				A52A8CD6B569DAEAD5C66F12 /* ProfileView.swift in Sources */,
				77ED1BEFA34AC61EBF55C886 /* ProfileViewModel.swift in Sources */,
				AB0FD4C35B14F7B98242D96E /* Recipe.swift in Sources */,
				60CA3C08B1342F5ADA6C1151 /* RecipeCardView.swift in Sources */,
				0D2175E08B8DCC4AE20EC191 /* RecipeDetailView.swift in Sources */,
				CBE5A4171570846433747683 /* RecipeEditorView.swift in Sources */,
				68EB68F871B48BCEF06FFBA9 /* RecipeService.swift in Sources */,
				EA381777F08A3DC27D9D851E /* RegisterView.swift in Sources */,
				B833F066DB6FBB1310092562 /* SSEParser.swift in Sources */,
				B9ECB0379151DF64B1E618C0 /* SavoroApp.swift in Sources */,
				69DBBD618953952B14463B71 /* SavoroColors.swift in Sources */,
				43BF464ECD0714004ABFE20B /* SavoroFonts.swift in Sources */,
				7CF41F9ABE0EBB61A6D5F2A2 /* TodayView.swift in Sources */,
				9C725B798F92F44BDEC0AA4B /* TodayViewModel.swift in Sources */,
				822DD159689E8CB314581F6D /* User.swift in Sources */,
				9DC887290B955EA2926C1C28 /* ViewfinderOverlay.swift in Sources */,
				375CD9F8E56AC75C0670EF9E /* WeeklyTrendsView.swift in Sources */,
			);
			runOnlyForDeploymentPostprocessing = 0;
		};
/* End PBXSourcesBuildPhase section */

/* Begin PBXTargetDependency section */
		55164E5756527BB783090D97 /* PBXTargetDependency */ = {
			isa = PBXTargetDependency;
			target = EB7D07FF1FA0F3A12122DDCC /* Savoro */;
			targetProxy = 6BEB0D365FD46BCA5464E6E6 /* PBXContainerItemProxy */;
		};
/* End PBXTargetDependency section */

/* Begin XCBuildConfiguration section */
		6BEB15D6F068D43823A87FB7 /* Release */ = {
			isa = XCBuildConfiguration;
			buildSettings = {
				ASSETCATALOG_COMPILER_APPICON_NAME = AppIcon;
				CODE_SIGN_IDENTITY = "iPhone Developer";
				CODE_SIGN_STYLE = Automatic;
				INFOPLIST_FILE = Savoro/Info.plist;
				LD_RUNPATH_SEARCH_PATHS = (
					"$(inherited)",
					"@executable_path/Frameworks",
				);
				PRODUCT_BUNDLE_IDENTIFIER = com.savoro.app;
				SDKROOT = iphoneos;
				TARGETED_DEVICE_FAMILY = "1,2";
			};
			name = Release;
		};
		7909CA45008407F6572ECB20 /* Debug */ = {
			isa = XCBuildConfiguration;
			buildSettings = {
				ASSETCATALOG_COMPILER_APPICON_NAME = AppIcon;
				CODE_SIGN_IDENTITY = "iPhone Developer";
				CODE_SIGN_STYLE = Automatic;
				INFOPLIST_FILE = Savoro/Info.plist;
				LD_RUNPATH_SEARCH_PATHS = (
					"$(inherited)",
					"@executable_path/Frameworks",
				);
				PRODUCT_BUNDLE_IDENTIFIER = com.savoro.app;
				SDKROOT = iphoneos;
				TARGETED_DEVICE_FAMILY = "1,2";
			};
			name = Debug;
		};
		8CB746F259520189C503B4DA /* Release */ = {
			isa = XCBuildConfiguration;
			buildSettings = {
				BUNDLE_LOADER = "$(TEST_HOST)";
				CODE_SIGN_STYLE = Automatic;
				GENERATE_INFOPLIST_FILE = YES;
				LD_RUNPATH_SEARCH_PATHS = (
					"$(inherited)",
					"@executable_path/Frameworks",
					"@loader_path/Frameworks",
				);
				PRODUCT_BUNDLE_IDENTIFIER = com.savoro.tests;
				SDKROOT = iphoneos;
				TARGETED_DEVICE_FAMILY = "1,2";
				TEST_HOST = "$(BUILT_PRODUCTS_DIR)/Savoro.app/Savoro";
			};
			name = Release;
		};
		A577AA9F197C7A8FA9F0815F /* Debug */ = {
			isa = XCBuildConfiguration;
			buildSettings = {
				ALWAYS_SEARCH_USER_PATHS = NO;
				CLANG_ANALYZER_NONNULL = YES;
				CLANG_ANALYZER_NUMBER_OBJECT_CONVERSION = YES_AGGRESSIVE;
				CLANG_CXX_LANGUAGE_STANDARD = "gnu++14";
				CLANG_CXX_LIBRARY = "libc++";
				CLANG_ENABLE_MODULES = YES;
				CLANG_ENABLE_OBJC_ARC = YES;
				CLANG_ENABLE_OBJC_WEAK = YES;
				CLANG_WARN_BLOCK_CAPTURE_AUTORELEASING = YES;
				CLANG_WARN_BOOL_CONVERSION = YES;
				CLANG_WARN_COMMA = YES;
				CLANG_WARN_CONSTANT_CONVERSION = YES;
				CLANG_WARN_DEPRECATED_OBJC_IMPLEMENTATIONS = YES;
				CLANG_WARN_DIRECT_OBJC_ISA_USAGE = YES_ERROR;
				CLANG_WARN_DOCUMENTATION_COMMENTS = YES;
				CLANG_WARN_EMPTY_BODY = YES;
				CLANG_WARN_ENUM_CONVERSION = YES;
				CLANG_WARN_INFINITE_RECURSION = YES;
				CLANG_WARN_INT_CONVERSION = YES;
				CLANG_WARN_NON_LITERAL_NULL_CONVERSION = YES;
				CLANG_WARN_OBJC_IMPLICIT_RETAIN_SELF = YES;
				CLANG_WARN_OBJC_LITERAL_CONVERSION = YES;
				CLANG_WARN_OBJC_ROOT_CLASS = YES_ERROR;
				CLANG_WARN_QUOTED_INCLUDE_IN_FRAMEWORK_HEADER = YES;
				CLANG_WARN_RANGE_LOOP_ANALYSIS = YES;
				CLANG_WARN_STRICT_PROTOTYPES = YES;
				CLANG_WARN_SUSPICIOUS_MOVE = YES;
				CLANG_WARN_UNGUARDED_AVAILABILITY = YES_AGGRESSIVE;
				CLANG_WARN_UNREACHABLE_CODE = YES;
				CLANG_WARN__DUPLICATE_METHOD_MATCH = YES;
				COPY_PHASE_STRIP = NO;
				CURRENT_PROJECT_VERSION = 1;
				DEBUG_INFORMATION_FORMAT = dwarf;
				ENABLE_STRICT_OBJC_MSGSEND = YES;
				ENABLE_TESTABILITY = YES;
				GCC_C_LANGUAGE_STANDARD = gnu11;
				GCC_DYNAMIC_NO_PIC = NO;
				GCC_NO_COMMON_BLOCKS = YES;
				GCC_OPTIMIZATION_LEVEL = 0;
				GCC_PREPROCESSOR_DEFINITIONS = (
					"$(inherited)",
					"DEBUG=1",
				);
				GCC_WARN_64_TO_32_BIT_CONVERSION = YES;
				GCC_WARN_ABOUT_RETURN_TYPE = YES_ERROR;
				GCC_WARN_UNDECLARED_SELECTOR = YES;
				GCC_WARN_UNINITIALIZED_AUTOS = YES_AGGRESSIVE;
				GCC_WARN_UNUSED_FUNCTION = YES;
				GCC_WARN_UNUSED_VARIABLE = YES;
				IPHONEOS_DEPLOYMENT_TARGET = 17.0;
				MARKETING_VERSION = 0.1.0;
				MTL_ENABLE_DEBUG_INFO = INCLUDE_SOURCE;
				MTL_FAST_MATH = YES;
				ONLY_ACTIVE_ARCH = YES;
				PRODUCT_NAME = "$(TARGET_NAME)";
				SDKROOT = iphoneos;
				SWIFT_ACTIVE_COMPILATION_CONDITIONS = DEBUG;
				SWIFT_OPTIMIZATION_LEVEL = "-Onone";
				SWIFT_VERSION = 5.9;
				TARGETED_DEVICE_FAMILY = 1;
			};
			name = Debug;
		};
		C5196028E3926F00D738A58D /* Release */ = {
			isa = XCBuildConfiguration;
			buildSettings = {
				ALWAYS_SEARCH_USER_PATHS = NO;
				CLANG_ANALYZER_NONNULL = YES;
				CLANG_ANALYZER_NUMBER_OBJECT_CONVERSION = YES_AGGRESSIVE;
				CLANG_CXX_LANGUAGE_STANDARD = "gnu++14";
				CLANG_CXX_LIBRARY = "libc++";
				CLANG_ENABLE_MODULES = YES;
				CLANG_ENABLE_OBJC_ARC = YES;
				CLANG_ENABLE_OBJC_WEAK = YES;
				CLANG_WARN_BLOCK_CAPTURE_AUTORELEASING = YES;
				CLANG_WARN_BOOL_CONVERSION = YES;
				CLANG_WARN_COMMA = YES;
				CLANG_WARN_CONSTANT_CONVERSION = YES;
				CLANG_WARN_DEPRECATED_OBJC_IMPLEMENTATIONS = YES;
				CLANG_WARN_DIRECT_OBJC_ISA_USAGE = YES_ERROR;
				CLANG_WARN_DOCUMENTATION_COMMENTS = YES;
				CLANG_WARN_EMPTY_BODY = YES;
				CLANG_WARN_ENUM_CONVERSION = YES;
				CLANG_WARN_INFINITE_RECURSION = YES;
				CLANG_WARN_INT_CONVERSION = YES;
				CLANG_WARN_NON_LITERAL_NULL_CONVERSION = YES;
				CLANG_WARN_OBJC_IMPLICIT_RETAIN_SELF = YES;
				CLANG_WARN_OBJC_LITERAL_CONVERSION = YES;
				CLANG_WARN_OBJC_ROOT_CLASS = YES_ERROR;
				CLANG_WARN_QUOTED_INCLUDE_IN_FRAMEWORK_HEADER = YES;
				CLANG_WARN_RANGE_LOOP_ANALYSIS = YES;
				CLANG_WARN_STRICT_PROTOTYPES = YES;
				CLANG_WARN_SUSPICIOUS_MOVE = YES;
				CLANG_WARN_UNGUARDED_AVAILABILITY = YES_AGGRESSIVE;
				CLANG_WARN_UNREACHABLE_CODE = YES;
				CLANG_WARN__DUPLICATE_METHOD_MATCH = YES;
				COPY_PHASE_STRIP = NO;
				CURRENT_PROJECT_VERSION = 1;
				DEBUG_INFORMATION_FORMAT = "dwarf-with-dsym";
				ENABLE_NS_ASSERTIONS = NO;
				ENABLE_STRICT_OBJC_MSGSEND = YES;
				GCC_C_LANGUAGE_STANDARD = gnu11;
				GCC_NO_COMMON_BLOCKS = YES;
				GCC_WARN_64_TO_32_BIT_CONVERSION = YES;
				GCC_WARN_ABOUT_RETURN_TYPE = YES_ERROR;
				GCC_WARN_UNDECLARED_SELECTOR = YES;
				GCC_WARN_UNINITIALIZED_AUTOS = YES_AGGRESSIVE;
				GCC_WARN_UNUSED_FUNCTION = YES;
				GCC_WARN_UNUSED_VARIABLE = YES;
				IPHONEOS_DEPLOYMENT_TARGET = 17.0;
				MARKETING_VERSION = 0.1.0;
				MTL_ENABLE_DEBUG_INFO = NO;
				MTL_FAST_MATH = YES;
				PRODUCT_NAME = "$(TARGET_NAME)";
				SDKROOT = iphoneos;
				SWIFT_COMPILATION_MODE = wholemodule;
				SWIFT_OPTIMIZATION_LEVEL = "-O";
				SWIFT_VERSION = 5.9;
				TARGETED_DEVICE_FAMILY = 1;
			};
			name = Release;
		};
		DD2D6991282E3DA2475DD74C /* Debug */ = {
			isa = XCBuildConfiguration;
			buildSettings = {
				BUNDLE_LOADER = "$(TEST_HOST)";
				CODE_SIGN_STYLE = Automatic;
				GENERATE_INFOPLIST_FILE = YES;
				LD_RUNPATH_SEARCH_PATHS = (
					"$(inherited)",
					"@executable_path/Frameworks",
					"@loader_path/Frameworks",
				);
				PRODUCT_BUNDLE_IDENTIFIER = com.savoro.tests;
				SDKROOT = iphoneos;
				TARGETED_DEVICE_FAMILY = "1,2";
				TEST_HOST = "$(BUILT_PRODUCTS_DIR)/Savoro.app/Savoro";
			};
			name = Debug;
		};
/* End XCBuildConfiguration section */

/* Begin XCConfigurationList section */
		345BC4CA76163D9CEB61655E /* Build configuration list for PBXProject "Savoro" */ = {
			isa = XCConfigurationList;
			buildConfigurations = (
				A577AA9F197C7A8FA9F0815F /* Debug */,
				C5196028E3926F00D738A58D /* Release */,
			);
			defaultConfigurationIsVisible = 0;
			defaultConfigurationName = Debug;
		};
		5AF51DD3374160027704DADA /* Build configuration list for PBXNativeTarget "SavoroTests" */ = {
			isa = XCConfigurationList;
			buildConfigurations = (
				DD2D6991282E3DA2475DD74C /* Debug */,
				8CB746F259520189C503B4DA /* Release */,
			);
			defaultConfigurationIsVisible = 0;
			defaultConfigurationName = Debug;
		};
		9F4BE5D7B83AEE939A1FACB9 /* Build configuration list for PBXNativeTarget "Savoro" */ = {
			isa = XCConfigurationList;
			buildConfigurations = (
				7909CA45008407F6572ECB20 /* Debug */,
				6BEB15D6F068D43823A87FB7 /* Release */,
			);
			defaultConfigurationIsVisible = 0;
			defaultConfigurationName = Debug;
		};
/* End XCConfigurationList section */
	};
	rootObject = 8287BB108503BD1071BD3E27 /* Project object */;
}
